
Microsoft Visual Studio Solution File, Format Version 12.00
# Visual Studio Version 17
VisualStudioVersion = 17.3.32901.215
MinimumVisualStudioVersion = 10.0.40219.1
Project("{FAE04EC0-301F-11D3-BF4B-00C04F79EFBC}") = "Identity_test_01", "Identity_test_01\Identity_test_01.csproj", "{5EF25F46-F502-46E1-A961-29446EF0084E}"
EndProject
Global
	GlobalSection(SolutionConfigurationPlatforms) = preSolution
		Debug|Any CPU = Debug|Any CPU
		Release|Any CPU = Release|Any CPU
	EndGlobalSection
	GlobalSection(ProjectConfigurationPlatforms) = postSolution
		{5EF25F46-F502-46E1-A961-29446EF0084E}.Debug|Any CPU.ActiveCfg = Debug|Any CPU
		{5EF25F46-F502-46E1-A961-29446EF0084E}.Debug|Any CPU.Build.0 = Debug|Any CPU
		{5EF25F46-F502-46E1-A961-29446EF0084E}.Release|Any CPU.ActiveCfg = Release|Any CPU
		{5EF25F46-F502-46E1-A961-29446EF0084E}.Release|Any CPU.Build.0 = Release|Any CPU
	EndGlobalSection
	GlobalSection(SolutionProperties) = preSolution
		HideSolutionNode = FALSE
	EndGlobalSection
	GlobalSection(ExtensibilityGlobals) = postSolution
		SolutionGuid = {0D82D1D6-F351-4FD3-9DD1-E8734107A4A7}
	EndGlobalSection
EndGlobal
